
Microsoft Visual Studio Solution File, Format Version 12.00
# Visual Studio Version 17
VisualStudioVersion = 17.1.32328.378
MinimumVisualStudioVersion = 10.0.40219.1
Project("{9A19103F-16F7-4668-BE54-9A1E7A4F7556}") = "TimeManager.Setup", "TimeManager.Setup\TimeManager.Setup.csproj", "{9FDC9956-81E1-4202-8805-06EAB21CFBF0}"
EndProject
Project("{FAE04EC0-301F-11D3-BF4B-00C04F79EFBC}") = "TimeManager.SetupTool.Controllers", "TimeManager.SetupTool.Controllers\TimeManager.SetupTool.Controllers.csproj", "{42048510-F96C-4849-B5B3-034BF3447FEC}"
EndProject
Project("{FAE04EC0-301F-11D3-BF4B-00C04F79EFBC}") = "TimeManager.SetupTool.Models", "TimeManager.SetupTool.Models\TimeManager.SetupTool.Models.csproj", "{B3CA9626-993C-44D9-A386-C6EC05D002E2}"
EndProject
Global
	GlobalSection(SolutionConfigurationPlatforms) = preSolution
		Debug|Any CPU = Debug|Any CPU
		Release|Any CPU = Release|Any CPU
	EndGlobalSection
	GlobalSection(ProjectConfigurationPlatforms) = postSolution
		{9FDC9956-81E1-4202-8805-06EAB21CFBF0}.Debug|Any CPU.ActiveCfg = Debug|Any CPU
		{9FDC9956-81E1-4202-8805-06EAB21CFBF0}.Debug|Any CPU.Build.0 = Debug|Any CPU
		{9FDC9956-81E1-4202-8805-06EAB21CFBF0}.Release|Any CPU.ActiveCfg = Release|Any CPU
		{9FDC9956-81E1-4202-8805-06EAB21CFBF0}.Release|Any CPU.Build.0 = Release|Any CPU
		{42048510-F96C-4849-B5B3-034BF3447FEC}.Debug|Any CPU.ActiveCfg = Debug|Any CPU
		{42048510-F96C-4849-B5B3-034BF3447FEC}.Debug|Any CPU.Build.0 = Debug|Any CPU
		{42048510-F96C-4849-B5B3-034BF3447FEC}.Release|Any CPU.ActiveCfg = Release|Any CPU
		{42048510-F96C-4849-B5B3-034BF3447FEC}.Release|Any CPU.Build.0 = Release|Any CPU
		{B3CA9626-993C-44D9-A386-C6EC05D002E2}.Debug|Any CPU.ActiveCfg = Debug|Any CPU
		{B3CA9626-993C-44D9-A386-C6EC05D002E2}.Debug|Any CPU.Build.0 = Debug|Any CPU
		{B3CA9626-993C-44D9-A386-C6EC05D002E2}.Release|Any CPU.ActiveCfg = Release|Any CPU
		{B3CA9626-993C-44D9-A386-C6EC05D002E2}.Release|Any CPU.Build.0 = Release|Any CPU
	EndGlobalSection
	GlobalSection(SolutionProperties) = preSolution
		HideSolutionNode = FALSE
	EndGlobalSection
	GlobalSection(ExtensibilityGlobals) = postSolution
		SolutionGuid = {E2CF1D01-5F89-4126-871B-5367EB2DAD23}
	EndGlobalSection
EndGlobal
